// !$*UTF8*$!
{
	archiveVersion = 1;
	classes = {
	};
	objectVersion = 56;
	objects = {

/* Begin PBXBuildFile section */
		FA4068F22C2DE34600B61EAB /* LeadDoIt_Test_TaskApp.swift in Sources */ = {isa = PBXBuildFile; fileRef = FA4068F12C2DE34600B61EAB /* LeadDoIt_Test_TaskApp.swift */; };
		FA4068F62C2DE34900B61EAB /* Assets.xcassets in Resources */ = {isa = PBXBuildFile; fileRef = FA4068F52C2DE34900B61EAB /* Assets.xcassets */; };
		FA4068F92C2DE34900B61EAB /* Preview Assets.xcassets in Resources */ = {isa = PBXBuildFile; fileRef = FA4068F82C2DE34900B61EAB /* Preview Assets.xcassets */; };
		FA4069012C2DEA6D00B61EAB /* Color+.swift in Sources */ = {isa = PBXBuildFile; fileRef = FA4069002C2DEA6D00B61EAB /* Color+.swift */; };
		FA4069032C2DEC0C00B61EAB /* PreloaderView.swift in Sources */ = {isa = PBXBuildFile; fileRef = FA4069022C2DEC0C00B61EAB /* PreloaderView.swift */; };
		FA40690A2C2DEE5300B61EAB /* Loader_Test.json in Resources */ = {isa = PBXBuildFile; fileRef = FA4069092C2DEE5300B61EAB /* Loader_Test.json */; };
		FA40690D2C2DEF3A00B61EAB /* Lottie in Frameworks */ = {isa = PBXBuildFile; productRef = FA40690C2C2DEF3A00B61EAB /* Lottie */; };
		FA40690F2C2DEF4F00B61EAB /* LottieView.swift in Sources */ = {isa = PBXBuildFile; fileRef = FA40690E2C2DEF4F00B61EAB /* LottieView.swift */; };
		FA4069142C2DF62400B61EAB /* HomeView.swift in Sources */ = {isa = PBXBuildFile; fileRef = FA4069132C2DF62400B61EAB /* HomeView.swift */; };
		FA4069162C2DF68000B61EAB /* HomeHeaderView.swift in Sources */ = {isa = PBXBuildFile; fileRef = FA4069152C2DF68000B61EAB /* HomeHeaderView.swift */; };
		FA4069182C2DF70A00B61EAB /* Font+.swift in Sources */ = {isa = PBXBuildFile; fileRef = FA4069172C2DF70A00B61EAB /* Font+.swift */; };
		FABD094C2C30143C007A87B6 /* RoverType.swift in Sources */ = {isa = PBXBuildFile; fileRef = FABD094B2C30143C007A87B6 /* RoverType.swift */; };
		FABD094E2C301453007A87B6 /* CameraType.swift in Sources */ = {isa = PBXBuildFile; fileRef = FABD094D2C301453007A87B6 /* CameraType.swift */; };
		FABD09502C301B12007A87B6 /* UnevenRoundedRectangle.swift in Sources */ = {isa = PBXBuildFile; fileRef = FABD094F2C301B12007A87B6 /* UnevenRoundedRectangle.swift */; };
		FABD09532C301CED007A87B6 /* FilterOptions.swift in Sources */ = {isa = PBXBuildFile; fileRef = FABD09522C301CED007A87B6 /* FilterOptions.swift */; };
		FAC0435D2C2EF97E007CA504 /* FilterButton.swift in Sources */ = {isa = PBXBuildFile; fileRef = FAC0435C2C2EF97E007CA504 /* FilterButton.swift */; };
		FAC043602C2EF9DC007CA504 /* IFilterManager.swift in Sources */ = {isa = PBXBuildFile; fileRef = FAC0435F2C2EF9DC007CA504 /* IFilterManager.swift */; };
		FAC043622C2F073B007CA504 /* FilterWheelView.swift in Sources */ = {isa = PBXBuildFile; fileRef = FAC043612C2F073B007CA504 /* FilterWheelView.swift */; };
		FAC07BCF2C2F460900B40F74 /* FilterType.swift in Sources */ = {isa = PBXBuildFile; fileRef = FAC07BCE2C2F460900B40F74 /* FilterType.swift */; };
		FAC1512D2C2E044B00ADB44B /* Image+.swift in Sources */ = {isa = PBXBuildFile; fileRef = FAC1512C2C2E044B00ADB44B /* Image+.swift */; };
		FAC1512F2C2E0BE300ADB44B /* HomeViewModel.swift in Sources */ = {isa = PBXBuildFile; fileRef = FAC1512E2C2E0BE300ADB44B /* HomeViewModel.swift */; };
		FAC151312C2E0C8B00ADB44B /* MarsImageDataModel.swift in Sources */ = {isa = PBXBuildFile; fileRef = FAC151302C2E0C8B00ADB44B /* MarsImageDataModel.swift */; };
		FAC151332C2E0C9900ADB44B /* MarsImageModel.swift in Sources */ = {isa = PBXBuildFile; fileRef = FAC151322C2E0C9900ADB44B /* MarsImageModel.swift */; };
/* End PBXBuildFile section */

/* Begin PBXFileReference section */
		FA4068EE2C2DE34600B61EAB /* LeadDoIt Test Task.app */ = {isa = PBXFileReference; explicitFileType = wrapper.application; includeInIndex = 0; path = "LeadDoIt Test Task.app"; sourceTree = BUILT_PRODUCTS_DIR; };
		FA4068F12C2DE34600B61EAB /* LeadDoIt_Test_TaskApp.swift */ = {isa = PBXFileReference; lastKnownFileType = sourcecode.swift; path = LeadDoIt_Test_TaskApp.swift; sourceTree = "<group>"; };
		FA4068F52C2DE34900B61EAB /* Assets.xcassets */ = {isa = PBXFileReference; lastKnownFileType = folder.assetcatalog; path = Assets.xcassets; sourceTree = "<group>"; };
		FA4068F82C2DE34900B61EAB /* Preview Assets.xcassets */ = {isa = PBXFileReference; lastKnownFileType = folder.assetcatalog; path = "Preview Assets.xcassets"; sourceTree = "<group>"; };
		FA4069002C2DEA6D00B61EAB /* Color+.swift */ = {isa = PBXFileReference; lastKnownFileType = sourcecode.swift; path = "Color+.swift"; sourceTree = "<group>"; };
		FA4069022C2DEC0C00B61EAB /* PreloaderView.swift */ = {isa = PBXFileReference; lastKnownFileType = sourcecode.swift; path = PreloaderView.swift; sourceTree = "<group>"; };
		FA4069092C2DEE5300B61EAB /* Loader_Test.json */ = {isa = PBXFileReference; lastKnownFileType = text.json; path = Loader_Test.json; sourceTree = "<group>"; };
		FA40690E2C2DEF4F00B61EAB /* LottieView.swift */ = {isa = PBXFileReference; lastKnownFileType = sourcecode.swift; path = LottieView.swift; sourceTree = "<group>"; };
		FA4069132C2DF62400B61EAB /* HomeView.swift */ = {isa = PBXFileReference; lastKnownFileType = sourcecode.swift; path = HomeView.swift; sourceTree = "<group>"; };
		FA4069152C2DF68000B61EAB /* HomeHeaderView.swift */ = {isa = PBXFileReference; lastKnownFileType = sourcecode.swift; path = HomeHeaderView.swift; sourceTree = "<group>"; };
		FA4069172C2DF70A00B61EAB /* Font+.swift */ = {isa = PBXFileReference; lastKnownFileType = sourcecode.swift; path = "Font+.swift"; sourceTree = "<group>"; };
		FA40691B2C2DFBFE00B61EAB /* LeadDoIt-Test-Task-Info.plist */ = {isa = PBXFileReference; lastKnownFileType = text.plist; path = "LeadDoIt-Test-Task-Info.plist"; sourceTree = SOURCE_ROOT; };
		FABD094B2C30143C007A87B6 /* RoverType.swift */ = {isa = PBXFileReference; lastKnownFileType = sourcecode.swift; path = RoverType.swift; sourceTree = "<group>"; };
		FABD094D2C301453007A87B6 /* CameraType.swift */ = {isa = PBXFileReference; lastKnownFileType = sourcecode.swift; path = CameraType.swift; sourceTree = "<group>"; };
		FABD094F2C301B12007A87B6 /* UnevenRoundedRectangle.swift */ = {isa = PBXFileReference; lastKnownFileType = sourcecode.swift; path = UnevenRoundedRectangle.swift; sourceTree = "<group>"; };
		FABD09522C301CED007A87B6 /* FilterOptions.swift */ = {isa = PBXFileReference; lastKnownFileType = sourcecode.swift; path = FilterOptions.swift; sourceTree = "<group>"; };
		FAC0435C2C2EF97E007CA504 /* FilterButton.swift */ = {isa = PBXFileReference; lastKnownFileType = sourcecode.swift; path = FilterButton.swift; sourceTree = "<group>"; };
		FAC0435F2C2EF9DC007CA504 /* IFilterManager.swift */ = {isa = PBXFileReference; lastKnownFileType = sourcecode.swift; path = IFilterManager.swift; sourceTree = "<group>"; };
		FAC043612C2F073B007CA504 /* FilterWheelView.swift */ = {isa = PBXFileReference; lastKnownFileType = sourcecode.swift; path = FilterWheelView.swift; sourceTree = "<group>"; };
		FAC07BCE2C2F460900B40F74 /* FilterType.swift */ = {isa = PBXFileReference; lastKnownFileType = sourcecode.swift; path = FilterType.swift; sourceTree = "<group>"; };
		FAC1512C2C2E044B00ADB44B /* Image+.swift */ = {isa = PBXFileReference; lastKnownFileType = sourcecode.swift; path = "Image+.swift"; sourceTree = "<group>"; };
		FAC1512E2C2E0BE300ADB44B /* HomeViewModel.swift */ = {isa = PBXFileReference; lastKnownFileType = sourcecode.swift; path = HomeViewModel.swift; sourceTree = "<group>"; };
		FAC151302C2E0C8B00ADB44B /* MarsImageDataModel.swift */ = {isa = PBXFileReference; lastKnownFileType = sourcecode.swift; path = MarsImageDataModel.swift; sourceTree = "<group>"; };
		FAC151322C2E0C9900ADB44B /* MarsImageModel.swift */ = {isa = PBXFileReference; lastKnownFileType = sourcecode.swift; path = MarsImageModel.swift; sourceTree = "<group>"; };
/* End PBXFileReference section */

/* Begin PBXFrameworksBuildPhase section */
		FA4068EB2C2DE34600B61EAB /* Frameworks */ = {
			isa = PBXFrameworksBuildPhase;
			buildActionMask = 2147483647;
			files = (
				FA40690D2C2DEF3A00B61EAB /* Lottie in Frameworks */,
			);
			runOnlyForDeploymentPostprocessing = 0;
		};
/* End PBXFrameworksBuildPhase section */

/* Begin PBXGroup section */
		FA4068E52C2DE34600B61EAB = {
			isa = PBXGroup;
			children = (
				FA4068F02C2DE34600B61EAB /* LeadDoIt Test Task */,
				FA4068EF2C2DE34600B61EAB /* Products */,
			);
			sourceTree = "<group>";
		};
		FA4068EF2C2DE34600B61EAB /* Products */ = {
			isa = PBXGroup;
			children = (
				FA4068EE2C2DE34600B61EAB /* LeadDoIt Test Task.app */,
			);
			name = Products;
			sourceTree = "<group>";
		};
		FA4068F02C2DE34600B61EAB /* LeadDoIt Test Task */ = {
			isa = PBXGroup;
			children = (
				FAC0435E2C2EF9BB007CA504 /* Managers */,
				FAC151342C2E0CA400ADB44B /* Models */,
				FA40691B2C2DFBFE00B61EAB /* LeadDoIt-Test-Task-Info.plist */,
				FA4069082C2DEE3000B61EAB /* Assets */,
				FA4069042C2DEC7100B61EAB /* Screens */,
				FA4068FF2C2DEA6000B61EAB /* Extensions */,
				FA4068F12C2DE34600B61EAB /* LeadDoIt_Test_TaskApp.swift */,
				FA4068F52C2DE34900B61EAB /* Assets.xcassets */,
				FA4068F72C2DE34900B61EAB /* Preview Content */,
			);
			path = "LeadDoIt Test Task";
			sourceTree = "<group>";
		};
		FA4068F72C2DE34900B61EAB /* Preview Content */ = {
			isa = PBXGroup;
			children = (
				FA4068F82C2DE34900B61EAB /* Preview Assets.xcassets */,
			);
			path = "Preview Content";
			sourceTree = "<group>";
		};
		FA4068FF2C2DEA6000B61EAB /* Extensions */ = {
			isa = PBXGroup;
			children = (
				FA4069002C2DEA6D00B61EAB /* Color+.swift */,
				FA4069172C2DF70A00B61EAB /* Font+.swift */,
				FAC1512C2C2E044B00ADB44B /* Image+.swift */,
			);
			path = Extensions;
			sourceTree = "<group>";
		};
		FA4069042C2DEC7100B61EAB /* Screens */ = {
			isa = PBXGroup;
			children = (
				FA4069102C2DF60300B61EAB /* Home */,
				FA4069052C2DEC7800B61EAB /* Preloader */,
			);
			path = Screens;
			sourceTree = "<group>";
		};
		FA4069052C2DEC7800B61EAB /* Preloader */ = {
			isa = PBXGroup;
			children = (
				FA4069022C2DEC0C00B61EAB /* PreloaderView.swift */,
				FA40690E2C2DEF4F00B61EAB /* LottieView.swift */,
			);
			path = Preloader;
			sourceTree = "<group>";
		};
		FA4069082C2DEE3000B61EAB /* Assets */ = {
			isa = PBXGroup;
			children = (
				FA4069092C2DEE5300B61EAB /* Loader_Test.json */,
			);
			path = Assets;
			sourceTree = "<group>";
		};
		FA4069102C2DF60300B61EAB /* Home */ = {
			isa = PBXGroup;
			children = (
				FA4069132C2DF62400B61EAB /* HomeView.swift */,
				FA4069152C2DF68000B61EAB /* HomeHeaderView.swift */,
				FAC1512E2C2E0BE300ADB44B /* HomeViewModel.swift */,
				FAC0435C2C2EF97E007CA504 /* FilterButton.swift */,
				FAC043612C2F073B007CA504 /* FilterWheelView.swift */,
				FAC07BCE2C2F460900B40F74 /* FilterType.swift */,
				FABD094F2C301B12007A87B6 /* UnevenRoundedRectangle.swift */,
			);
			path = Home;
			sourceTree = "<group>";
		};
		FABD09512C301CC2007A87B6 /* FilterModel */ = {
			isa = PBXGroup;
			children = (
				FABD09522C301CED007A87B6 /* FilterOptions.swift */,
			);
			path = FilterModel;
			sourceTree = "<group>";
		};
		FAC0435E2C2EF9BB007CA504 /* Managers */ = {
			isa = PBXGroup;
			children = (
				FAC0435F2C2EF9DC007CA504 /* IFilterManager.swift */,
			);
			path = Managers;
			sourceTree = "<group>";
		};
		FAC151342C2E0CA400ADB44B /* Models */ = {
			isa = PBXGroup;
			children = (
				FABD09512C301CC2007A87B6 /* FilterModel */,
				FAC151352C2E0CB600ADB44B /* MarsImage */,
			);
			path = Models;
			sourceTree = "<group>";
		};
		FAC151352C2E0CB600ADB44B /* MarsImage */ = {
			isa = PBXGroup;
			children = (
				FAC151302C2E0C8B00ADB44B /* MarsImageDataModel.swift */,
				FAC151322C2E0C9900ADB44B /* MarsImageModel.swift */,
				FABD094B2C30143C007A87B6 /* RoverType.swift */,
				FABD094D2C301453007A87B6 /* CameraType.swift */,
			);
			path = MarsImage;
			sourceTree = "<group>";
		};
/* End PBXGroup section */

/* Begin PBXNativeTarget section */
		FA4068ED2C2DE34600B61EAB /* LeadDoIt Test Task */ = {
			isa = PBXNativeTarget;
			buildConfigurationList = FA4068FC2C2DE34900B61EAB /* Build configuration list for PBXNativeTarget "LeadDoIt Test Task" */;
			buildPhases = (
				FA4068EA2C2DE34600B61EAB /* Sources */,
				FA4068EB2C2DE34600B61EAB /* Frameworks */,
				FA4068EC2C2DE34600B61EAB /* Resources */,
			);
			buildRules = (
			);
			dependencies = (
			);
			name = "LeadDoIt Test Task";
			packageProductDependencies = (
				FA40690C2C2DEF3A00B61EAB /* Lottie */,
			);
			productName = "LeadDoIt Test Task";
			productReference = FA4068EE2C2DE34600B61EAB /* LeadDoIt Test Task.app */;
			productType = "com.apple.product-type.application";
		};
/* End PBXNativeTarget section */

/* Begin PBXProject section */
		FA4068E62C2DE34600B61EAB /* Project object */ = {
			isa = PBXProject;
			attributes = {
				BuildIndependentTargetsInParallel = 1;
				LastSwiftUpdateCheck = 1540;
				LastUpgradeCheck = 1540;
				TargetAttributes = {
					FA4068ED2C2DE34600B61EAB = {
						CreatedOnToolsVersion = 15.4;
					};
				};
			};
			buildConfigurationList = FA4068E92C2DE34600B61EAB /* Build configuration list for PBXProject "LeadDoIt Test Task" */;
			compatibilityVersion = "Xcode 14.0";
			developmentRegion = en;
			hasScannedForEncodings = 0;
			knownRegions = (
				en,
				Base,
			);
			mainGroup = FA4068E52C2DE34600B61EAB;
			packageReferences = (
				FA40690B2C2DEF3A00B61EAB /* XCRemoteSwiftPackageReference "lottie-ios" */,
			);
			productRefGroup = FA4068EF2C2DE34600B61EAB /* Products */;
			projectDirPath = "";
			projectRoot = "";
			targets = (
				FA4068ED2C2DE34600B61EAB /* LeadDoIt Test Task */,
			);
		};
/* End PBXProject section */

/* Begin PBXResourcesBuildPhase section */
		FA4068EC2C2DE34600B61EAB /* Resources */ = {
			isa = PBXResourcesBuildPhase;
			buildActionMask = 2147483647;
			files = (
				FA4068F92C2DE34900B61EAB /* Preview Assets.xcassets in Resources */,
				FA4068F62C2DE34900B61EAB /* Assets.xcassets in Resources */,
				FA40690A2C2DEE5300B61EAB /* Loader_Test.json in Resources */,
			);
			runOnlyForDeploymentPostprocessing = 0;
		};
/* End PBXResourcesBuildPhase section */

/* Begin PBXSourcesBuildPhase section */
		FA4068EA2C2DE34600B61EAB /* Sources */ = {
			isa = PBXSourcesBuildPhase;
			buildActionMask = 2147483647;
			files = (
				FAC043602C2EF9DC007CA504 /* IFilterManager.swift in Sources */,
				FA4069162C2DF68000B61EAB /* HomeHeaderView.swift in Sources */,
				FAC1512F2C2E0BE300ADB44B /* HomeViewModel.swift in Sources */,
				FA4069182C2DF70A00B61EAB /* Font+.swift in Sources */,
				FABD094E2C301453007A87B6 /* CameraType.swift in Sources */,
				FA4069012C2DEA6D00B61EAB /* Color+.swift in Sources */,
				FAC07BCF2C2F460900B40F74 /* FilterType.swift in Sources */,
				FAC151312C2E0C8B00ADB44B /* MarsImageDataModel.swift in Sources */,
				FA40690F2C2DEF4F00B61EAB /* LottieView.swift in Sources */,
				FAC151332C2E0C9900ADB44B /* MarsImageModel.swift in Sources */,
				FAC043622C2F073B007CA504 /* FilterWheelView.swift in Sources */,
				FABD094C2C30143C007A87B6 /* RoverType.swift in Sources */,
				FAC0435D2C2EF97E007CA504 /* FilterButton.swift in Sources */,
				FABD09532C301CED007A87B6 /* FilterOptions.swift in Sources */,
				FA4069142C2DF62400B61EAB /* HomeView.swift in Sources */,
				FAC1512D2C2E044B00ADB44B /* Image+.swift in Sources */,
				FA4068F22C2DE34600B61EAB /* LeadDoIt_Test_TaskApp.swift in Sources */,
				FABD09502C301B12007A87B6 /* UnevenRoundedRectangle.swift in Sources */,
				FA4069032C2DEC0C00B61EAB /* PreloaderView.swift in Sources */,
			);
			runOnlyForDeploymentPostprocessing = 0;
		};
/* End PBXSourcesBuildPhase section */

/* Begin XCBuildConfiguration section */
		FA4068FA2C2DE34900B61EAB /* Debug */ = {
			isa = XCBuildConfiguration;
			buildSettings = {
				ALWAYS_SEARCH_USER_PATHS = NO;
				ASSETCATALOG_COMPILER_GENERATE_SWIFT_ASSET_SYMBOL_EXTENSIONS = YES;
				CLANG_ANALYZER_NONNULL = YES;
				CLANG_ANALYZER_NUMBER_OBJECT_CONVERSION = YES_AGGRESSIVE;
				CLANG_CXX_LANGUAGE_STANDARD = "gnu++20";
				CLANG_ENABLE_MODULES = YES;
				CLANG_ENABLE_OBJC_ARC = YES;
				CLANG_ENABLE_OBJC_WEAK = YES;
				CLANG_WARN_BLOCK_CAPTURE_AUTORELEASING = YES;
				CLANG_WARN_BOOL_CONVERSION = YES;
				CLANG_WARN_COMMA = YES;
				CLANG_WARN_CONSTANT_CONVERSION = YES;
				CLANG_WARN_DEPRECATED_OBJC_IMPLEMENTATIONS = YES;
				CLANG_WARN_DIRECT_OBJC_ISA_USAGE = YES_ERROR;
				CLANG_WARN_DOCUMENTATION_COMMENTS = YES;
				CLANG_WARN_EMPTY_BODY = YES;
				CLANG_WARN_ENUM_CONVERSION = YES;
				CLANG_WARN_INFINITE_RECURSION = YES;
				CLANG_WARN_INT_CONVERSION = YES;
				CLANG_WARN_NON_LITERAL_NULL_CONVERSION = YES;
				CLANG_WARN_OBJC_IMPLICIT_RETAIN_SELF = YES;
				CLANG_WARN_OBJC_LITERAL_CONVERSION = YES;
				CLANG_WARN_OBJC_ROOT_CLASS = YES_ERROR;
				CLANG_WARN_QUOTED_INCLUDE_IN_FRAMEWORK_HEADER = YES;
				CLANG_WARN_RANGE_LOOP_ANALYSIS = YES;
				CLANG_WARN_STRICT_PROTOTYPES = YES;
				CLANG_WARN_SUSPICIOUS_MOVE = YES;
				CLANG_WARN_UNGUARDED_AVAILABILITY = YES_AGGRESSIVE;
				CLANG_WARN_UNREACHABLE_CODE = YES;
				CLANG_WARN__DUPLICATE_METHOD_MATCH = YES;
				COPY_PHASE_STRIP = NO;
				DEBUG_INFORMATION_FORMAT = dwarf;
				ENABLE_STRICT_OBJC_MSGSEND = YES;
				ENABLE_TESTABILITY = YES;
				ENABLE_USER_SCRIPT_SANDBOXING = YES;
				GCC_C_LANGUAGE_STANDARD = gnu17;
				GCC_DYNAMIC_NO_PIC = NO;
				GCC_NO_COMMON_BLOCKS = YES;
				GCC_OPTIMIZATION_LEVEL = 0;
				GCC_PREPROCESSOR_DEFINITIONS = (
					"DEBUG=1",
					"$(inherited)",
				);
				GCC_WARN_64_TO_32_BIT_CONVERSION = YES;
				GCC_WARN_ABOUT_RETURN_TYPE = YES_ERROR;
				GCC_WARN_UNDECLARED_SELECTOR = YES;
				GCC_WARN_UNINITIALIZED_AUTOS = YES_AGGRESSIVE;
				GCC_WARN_UNUSED_FUNCTION = YES;
				GCC_WARN_UNUSED_VARIABLE = YES;
				IPHONEOS_DEPLOYMENT_TARGET = 17.5;
				LOCALIZATION_PREFERS_STRING_CATALOGS = YES;
				MTL_ENABLE_DEBUG_INFO = INCLUDE_SOURCE;
				MTL_FAST_MATH = YES;
				ONLY_ACTIVE_ARCH = YES;
				SDKROOT = iphoneos;
				SWIFT_ACTIVE_COMPILATION_CONDITIONS = "DEBUG $(inherited)";
				SWIFT_OPTIMIZATION_LEVEL = "-Onone";
			};
			name = Debug;
		};
		FA4068FB2C2DE34900B61EAB /* Release */ = {
			isa = XCBuildConfiguration;
			buildSettings = {
				ALWAYS_SEARCH_USER_PATHS = NO;
				ASSETCATALOG_COMPILER_GENERATE_SWIFT_ASSET_SYMBOL_EXTENSIONS = YES;
				CLANG_ANALYZER_NONNULL = YES;
				CLANG_ANALYZER_NUMBER_OBJECT_CONVERSION = YES_AGGRESSIVE;
				CLANG_CXX_LANGUAGE_STANDARD = "gnu++20";
				CLANG_ENABLE_MODULES = YES;
				CLANG_ENABLE_OBJC_ARC = YES;
				CLANG_ENABLE_OBJC_WEAK = YES;
				CLANG_WARN_BLOCK_CAPTURE_AUTORELEASING = YES;
				CLANG_WARN_BOOL_CONVERSION = YES;
				CLANG_WARN_COMMA = YES;
				CLANG_WARN_CONSTANT_CONVERSION = YES;
				CLANG_WARN_DEPRECATED_OBJC_IMPLEMENTATIONS = YES;
				CLANG_WARN_DIRECT_OBJC_ISA_USAGE = YES_ERROR;
				CLANG_WARN_DOCUMENTATION_COMMENTS = YES;
				CLANG_WARN_EMPTY_BODY = YES;
				CLANG_WARN_ENUM_CONVERSION = YES;
				CLANG_WARN_INFINITE_RECURSION = YES;
				CLANG_WARN_INT_CONVERSION = YES;
				CLANG_WARN_NON_LITERAL_NULL_CONVERSION = YES;
				CLANG_WARN_OBJC_IMPLICIT_RETAIN_SELF = YES;
				CLANG_WARN_OBJC_LITERAL_CONVERSION = YES;
				CLANG_WARN_OBJC_ROOT_CLASS = YES_ERROR;
				CLANG_WARN_QUOTED_INCLUDE_IN_FRAMEWORK_HEADER = YES;
				CLANG_WARN_RANGE_LOOP_ANALYSIS = YES;
				CLANG_WARN_STRICT_PROTOTYPES = YES;
				CLANG_WARN_SUSPICIOUS_MOVE = YES;
				CLANG_WARN_UNGUARDED_AVAILABILITY = YES_AGGRESSIVE;
				CLANG_WARN_UNREACHABLE_CODE = YES;
				CLANG_WARN__DUPLICATE_METHOD_MATCH = YES;
				COPY_PHASE_STRIP = NO;
				DEBUG_INFORMATION_FORMAT = "dwarf-with-dsym";
				ENABLE_NS_ASSERTIONS = NO;
				ENABLE_STRICT_OBJC_MSGSEND = YES;
				ENABLE_USER_SCRIPT_SANDBOXING = YES;
				GCC_C_LANGUAGE_STANDARD = gnu17;
				GCC_NO_COMMON_BLOCKS = YES;
				GCC_WARN_64_TO_32_BIT_CONVERSION = YES;
				GCC_WARN_ABOUT_RETURN_TYPE = YES_ERROR;
				GCC_WARN_UNDECLARED_SELECTOR = YES;
				GCC_WARN_UNINITIALIZED_AUTOS = YES_AGGRESSIVE;
				GCC_WARN_UNUSED_FUNCTION = YES;
				GCC_WARN_UNUSED_VARIABLE = YES;
				IPHONEOS_DEPLOYMENT_TARGET = 17.5;
				LOCALIZATION_PREFERS_STRING_CATALOGS = YES;
				MTL_ENABLE_DEBUG_INFO = NO;
				MTL_FAST_MATH = YES;
				SDKROOT = iphoneos;
				SWIFT_COMPILATION_MODE = wholemodule;
				VALIDATE_PRODUCT = YES;
			};
			name = Release;
		};
		FA4068FD2C2DE34900B61EAB /* Debug */ = {
			isa = XCBuildConfiguration;
			buildSettings = {
				ASSETCATALOG_COMPILER_APPICON_NAME = AppIcon;
				ASSETCATALOG_COMPILER_GLOBAL_ACCENT_COLOR_NAME = AccentColor;
				CODE_SIGN_STYLE = Automatic;
				CURRENT_PROJECT_VERSION = 1;
				DEVELOPMENT_ASSET_PATHS = "\"LeadDoIt Test Task/Preview Content\"";
				DEVELOPMENT_TEAM = 5TBH3MBA4J;
				ENABLE_PREVIEWS = YES;
				GENERATE_INFOPLIST_FILE = YES;
				INFOPLIST_FILE = "LeadDoIt-Test-Task-Info.plist";
				INFOPLIST_KEY_UIApplicationSceneManifest_Generation = YES;
				INFOPLIST_KEY_UIApplicationSupportsIndirectInputEvents = YES;
				INFOPLIST_KEY_UISupportedInterfaceOrientations_iPad = "UIInterfaceOrientationPortrait UIInterfaceOrientationPortraitUpsideDown UIInterfaceOrientationLandscapeLeft UIInterfaceOrientationLandscapeRight";
				INFOPLIST_KEY_UISupportedInterfaceOrientations_iPhone = "UIInterfaceOrientationPortrait UIInterfaceOrientationLandscapeLeft UIInterfaceOrientationLandscapeRight";
				IPHONEOS_DEPLOYMENT_TARGET = 15.0;
				LD_RUNPATH_SEARCH_PATHS = (
					"$(inherited)",
					"@executable_path/Frameworks",
				);
				MARKETING_VERSION = 1.0;
				PRODUCT_BUNDLE_IDENTIFIER = "com.pkhmialeuski.LeadDoIt-Test-Task";
				PRODUCT_NAME = "$(TARGET_NAME)";
				SWIFT_EMIT_LOC_STRINGS = YES;
				SWIFT_VERSION = 5.0;
				TARGETED_DEVICE_FAMILY = "1,2";
			};
			name = Debug;
		};
		FA4068FE2C2DE34900B61EAB /* Release */ = {
			isa = XCBuildConfiguration;
			buildSettings = {
				ASSETCATALOG_COMPILER_APPICON_NAME = AppIcon;
				ASSETCATALOG_COMPILER_GLOBAL_ACCENT_COLOR_NAME = AccentColor;
				CODE_SIGN_STYLE = Automatic;
				CURRENT_PROJECT_VERSION = 1;
				DEVELOPMENT_ASSET_PATHS = "\"LeadDoIt Test Task/Preview Content\"";
				DEVELOPMENT_TEAM = 5TBH3MBA4J;
				ENABLE_PREVIEWS = YES;
				GENERATE_INFOPLIST_FILE = YES;
				INFOPLIST_FILE = "LeadDoIt-Test-Task-Info.plist";
				INFOPLIST_KEY_UIApplicationSceneManifest_Generation = YES;
				INFOPLIST_KEY_UIApplicationSupportsIndirectInputEvents = YES;
				INFOPLIST_KEY_UISupportedInterfaceOrientations_iPad = "UIInterfaceOrientationPortrait UIInterfaceOrientationPortraitUpsideDown UIInterfaceOrientationLandscapeLeft UIInterfaceOrientationLandscapeRight";
				INFOPLIST_KEY_UISupportedInterfaceOrientations_iPhone = "UIInterfaceOrientationPortrait UIInterfaceOrientationLandscapeLeft UIInterfaceOrientationLandscapeRight";
				IPHONEOS_DEPLOYMENT_TARGET = 15.0;
				LD_RUNPATH_SEARCH_PATHS = (
					"$(inherited)",
					"@executable_path/Frameworks",
				);
				MARKETING_VERSION = 1.0;
				PRODUCT_BUNDLE_IDENTIFIER = "com.pkhmialeuski.LeadDoIt-Test-Task";
				PRODUCT_NAME = "$(TARGET_NAME)";
				SWIFT_EMIT_LOC_STRINGS = YES;
				SWIFT_VERSION = 5.0;
				TARGETED_DEVICE_FAMILY = "1,2";
			};
			name = Release;
		};
/* End XCBuildConfiguration section */

/* Begin XCConfigurationList section */
		FA4068E92C2DE34600B61EAB /* Build configuration list for PBXProject "LeadDoIt Test Task" */ = {
			isa = XCConfigurationList;
			buildConfigurations = (
				FA4068FA2C2DE34900B61EAB /* Debug */,
				FA4068FB2C2DE34900B61EAB /* Release */,
			);
			defaultConfigurationIsVisible = 0;
			defaultConfigurationName = Release;
		};
		FA4068FC2C2DE34900B61EAB /* Build configuration list for PBXNativeTarget "LeadDoIt Test Task" */ = {
			isa = XCConfigurationList;
			buildConfigurations = (
				FA4068FD2C2DE34900B61EAB /* Debug */,
				FA4068FE2C2DE34900B61EAB /* Release */,
			);
			defaultConfigurationIsVisible = 0;
			defaultConfigurationName = Release;
		};
/* End XCConfigurationList section */

/* Begin XCRemoteSwiftPackageReference section */
		FA40690B2C2DEF3A00B61EAB /* XCRemoteSwiftPackageReference "lottie-ios" */ = {
			isa = XCRemoteSwiftPackageReference;
			repositoryURL = "https://github.com/airbnb/lottie-ios";
			requirement = {
				kind = upToNextMajorVersion;
				minimumVersion = 4.4.3;
			};
		};
/* End XCRemoteSwiftPackageReference section */

/* Begin XCSwiftPackageProductDependency section */
		FA40690C2C2DEF3A00B61EAB /* Lottie */ = {
			isa = XCSwiftPackageProductDependency;
			package = FA40690B2C2DEF3A00B61EAB /* XCRemoteSwiftPackageReference "lottie-ios" */;
			productName = Lottie;
		};
/* End XCSwiftPackageProductDependency section */
	};
	rootObject = FA4068E62C2DE34600B61EAB /* Project object */;
}
